// !$*UTF8*$!
{
	archiveVersion = 1;
	classes = {
	};
	objectVersion = 50;
	objects = {

/* Begin PBXBuildFile section */
		4C11C2DF245A8E2900BD8E00 /* PersonFromObjC.m in Sources */ = {isa = PBXBuildFile; fileRef = 4C11C2DE245A8E2900BD8E00 /* PersonFromObjC.m */; };
		4C11C2E1245A997700BD8E00 /* Hello.txt in Resources */ = {isa = PBXBuildFile; fileRef = 4C11C2E0245A997700BD8E00 /* Hello.txt */; };
		4CCEA5CF245A0A1C00CB7396 /* AppDelegate.swift in Sources */ = {isa = PBXBuildFile; fileRef = 4CCEA5CE245A0A1C00CB7396 /* AppDelegate.swift */; };
		4CCEA5D3245A0A1C00CB7396 /* HomeViewController.swift in Sources */ = {isa = PBXBuildFile; fileRef = 4CCEA5D2245A0A1C00CB7396 /* HomeViewController.swift */; };
		4CCEA5D8245A0A1D00CB7396 /* Assets.xcassets in Resources */ = {isa = PBXBuildFile; fileRef = 4CCEA5D7245A0A1D00CB7396 /* Assets.xcassets */; };
		4CCEA5DB245A0A1D00CB7396 /* LaunchScreen.storyboard in Resources */ = {isa = PBXBuildFile; fileRef = 4CCEA5D9245A0A1D00CB7396 /* LaunchScreen.storyboard */; };
		4CCEA5E9245A118600CB7396 /* Person+Hello.m in Sources */ = {isa = PBXBuildFile; fileRef = 4CCEA5E8245A118600CB7396 /* Person+Hello.m */; };
/* End PBXBuildFile section */

/* Begin PBXFileReference section */
		4C11C2DD245A827D00BD8E00 /* README.md */ = {isa = PBXFileReference; lastKnownFileType = net.daringfireball.markdown; path = README.md; sourceTree = "<group>"; };
		4C11C2DE245A8E2900BD8E00 /* PersonFromObjC.m */ = {isa = PBXFileReference; lastKnownFileType = sourcecode.c.objc; path = PersonFromObjC.m; sourceTree = "<group>"; };
		4C11C2E0245A997700BD8E00 /* Hello.txt */ = {isa = PBXFileReference; lastKnownFileType = text; path = Hello.txt; sourceTree = "<group>"; };
		4CCEA5CB245A0A1C00CB7396 /* Category-to-Swift.app */ = {isa = PBXFileReference; explicitFileType = wrapper.application; includeInIndex = 0; path = "Category-to-Swift.app"; sourceTree = BUILT_PRODUCTS_DIR; };
		4CCEA5CE245A0A1C00CB7396 /* AppDelegate.swift */ = {isa = PBXFileReference; lastKnownFileType = sourcecode.swift; path = AppDelegate.swift; sourceTree = "<group>"; };
		4CCEA5D2245A0A1C00CB7396 /* HomeViewController.swift */ = {isa = PBXFileReference; lastKnownFileType = sourcecode.swift; path = HomeViewController.swift; sourceTree = "<group>"; };
		4CCEA5D7245A0A1D00CB7396 /* Assets.xcassets */ = {isa = PBXFileReference; lastKnownFileType = folder.assetcatalog; path = Assets.xcassets; sourceTree = "<group>"; };
		4CCEA5DA245A0A1D00CB7396 /* Base */ = {isa = PBXFileReference; lastKnownFileType = file.storyboard; name = Base; path = Base.lproj/LaunchScreen.storyboard; sourceTree = "<group>"; };
		4CCEA5DC245A0A1D00CB7396 /* Info.plist */ = {isa = PBXFileReference; lastKnownFileType = text.plist.xml; path = Info.plist; sourceTree = "<group>"; };
		4CCEA5E2245A0AB300CB7396 /* Category-to-Swift-Bridging-Header.h */ = {isa = PBXFileReference; lastKnownFileType = sourcecode.c.h; path = "Category-to-Swift-Bridging-Header.h"; sourceTree = "<group>"; };
		4CCEA5E6245A101300CB7396 /* PersonFromObjC.h */ = {isa = PBXFileReference; lastKnownFileType = sourcecode.c.h; path = PersonFromObjC.h; sourceTree = "<group>"; };
		4CCEA5E7245A118600CB7396 /* Person+Hello.h */ = {isa = PBXFileReference; lastKnownFileType = sourcecode.c.h; path = "Person+Hello.h"; sourceTree = "<group>"; };
		4CCEA5E8245A118600CB7396 /* Person+Hello.m */ = {isa = PBXFileReference; lastKnownFileType = sourcecode.c.objc; path = "Person+Hello.m"; sourceTree = "<group>"; };
/* End PBXFileReference section */

/* Begin PBXFrameworksBuildPhase section */
		4CCEA5C8245A0A1C00CB7396 /* Frameworks */ = {
			isa = PBXFrameworksBuildPhase;
			buildActionMask = 2147483647;
			files = (
			);
			runOnlyForDeploymentPostprocessing = 0;
		};
/* End PBXFrameworksBuildPhase section */

/* Begin PBXGroup section */
		4CCEA5C2245A0A1C00CB7396 = {
			isa = PBXGroup;
			children = (
				4C11C2DD245A827D00BD8E00 /* README.md */,
				4CCEA5CD245A0A1C00CB7396 /* Category-to-Swift */,
				4CCEA5CC245A0A1C00CB7396 /* Products */,
			);
			sourceTree = "<group>";
		};
		4CCEA5CC245A0A1C00CB7396 /* Products */ = {
			isa = PBXGroup;
			children = (
				4CCEA5CB245A0A1C00CB7396 /* Category-to-Swift.app */,
			);
			name = Products;
			sourceTree = "<group>";
		};
		4CCEA5CD245A0A1C00CB7396 /* Category-to-Swift */ = {
			isa = PBXGroup;
			children = (
				4CCEA5CE245A0A1C00CB7396 /* AppDelegate.swift */,
				4CCEA5D2245A0A1C00CB7396 /* HomeViewController.swift */,
				4CCEA5D7245A0A1D00CB7396 /* Assets.xcassets */,
				4CCEA5D9245A0A1D00CB7396 /* LaunchScreen.storyboard */,
				4CCEA5DC245A0A1D00CB7396 /* Info.plist */,
				4CCEA5E7245A118600CB7396 /* Person+Hello.h */,
				4CCEA5E8245A118600CB7396 /* Person+Hello.m */,
				4CCEA5E6245A101300CB7396 /* PersonFromObjC.h */,
				4C11C2DE245A8E2900BD8E00 /* PersonFromObjC.m */,
				4CCEA5E2245A0AB300CB7396 /* Category-to-Swift-Bridging-Header.h */,
				4C11C2E0245A997700BD8E00 /* Hello.txt */,
			);
			path = "Category-to-Swift";
			sourceTree = "<group>";
		};
/* End PBXGroup section */

/* Begin PBXNativeTarget section */
		4CCEA5CA245A0A1C00CB7396 /* Category-to-Swift */ = {
			isa = PBXNativeTarget;
			buildConfigurationList = 4CCEA5DF245A0A1D00CB7396 /* Build configuration list for PBXNativeTarget "Category-to-Swift" */;
			buildPhases = (
				4CCEA5C7245A0A1C00CB7396 /* Sources */,
				4CCEA5C8245A0A1C00CB7396 /* Frameworks */,
				4CCEA5C9245A0A1C00CB7396 /* Resources */,
			);
			buildRules = (
			);
			dependencies = (
			);
			name = "Category-to-Swift";
			productName = "Category-to-Swift";
			productReference = 4CCEA5CB245A0A1C00CB7396 /* Category-to-Swift.app */;
			productType = "com.apple.product-type.application";
		};
/* End PBXNativeTarget section */

/* Begin PBXProject section */
		4CCEA5C3245A0A1C00CB7396 /* Project object */ = {
			isa = PBXProject;
			attributes = {
				LastSwiftUpdateCheck = 1100;
				LastUpgradeCheck = 1100;
				ORGANIZATIONNAME = CongLeSolutionX;
				TargetAttributes = {
					4CCEA5CA245A0A1C00CB7396 = {
						CreatedOnToolsVersion = 11.0;
						LastSwiftMigration = 1100;
					};
				};
			};
			buildConfigurationList = 4CCEA5C6245A0A1C00CB7396 /* Build configuration list for PBXProject "Category-to-Swift" */;
			compatibilityVersion = "Xcode 9.3";
			developmentRegion = en;
			hasScannedForEncodings = 0;
			knownRegions = (
				en,
				Base,
			);
			mainGroup = 4CCEA5C2245A0A1C00CB7396;
			productRefGroup = 4CCEA5CC245A0A1C00CB7396 /* Products */;
			projectDirPath = "";
			projectRoot = "";
			targets = (
				4CCEA5CA245A0A1C00CB7396 /* Category-to-Swift */,
			);
		};
/* End PBXProject section */

/* Begin PBXResourcesBuildPhase section */
		4CCEA5C9245A0A1C00CB7396 /* Resources */ = {
			isa = PBXResourcesBuildPhase;
			buildActionMask = 2147483647;
			files = (
				4C11C2E1245A997700BD8E00 /* Hello.txt in Resources */,
				4CCEA5DB245A0A1D00CB7396 /* LaunchScreen.storyboard in Resources */,
				4CCEA5D8245A0A1D00CB7396 /* Assets.xcassets in Resources */,
			);
			runOnlyForDeploymentPostprocessing = 0;
		};
/* End PBXResourcesBuildPhase section */

/* Begin PBXSourcesBuildPhase section */
		4CCEA5C7245A0A1C00CB7396 /* Sources */ = {
			isa = PBXSourcesBuildPhase;
			buildActionMask = 2147483647;
			files = (
				4C11C2DF245A8E2900BD8E00 /* PersonFromObjC.m in Sources */,
				4CCEA5D3245A0A1C00CB7396 /* HomeViewController.swift in Sources */,
				4CCEA5E9245A118600CB7396 /* Person+Hello.m in Sources */,
				4CCEA5CF245A0A1C00CB7396 /* AppDelegate.swift in Sources */,
			);
			runOnlyForDeploymentPostprocessing = 0;
		};
/* End PBXSourcesBuildPhase section */

/* Begin PBXVariantGroup section */
		4CCEA5D9245A0A1D00CB7396 /* LaunchScreen.storyboard */ = {
			isa = PBXVariantGroup;
			children = (
				4CCEA5DA245A0A1D00CB7396 /* Base */,
			);
			name = LaunchScreen.storyboard;
			sourceTree = "<group>";
		};
/* End PBXVariantGroup section */

/* Begin XCBuildConfiguration section */
		4CCEA5DD245A0A1D00CB7396 /* Debug */ = {
			isa = XCBuildConfiguration;
			buildSettings = {
				ALWAYS_SEARCH_USER_PATHS = NO;
				CLANG_ANALYZER_NONNULL = YES;
				CLANG_ANALYZER_NUMBER_OBJECT_CONVERSION = YES_AGGRESSIVE;
				CLANG_CXX_LANGUAGE_STANDARD = "gnu++14";
				CLANG_CXX_LIBRARY = "libc++";
				CLANG_ENABLE_MODULES = YES;
				CLANG_ENABLE_OBJC_ARC = YES;
				CLANG_ENABLE_OBJC_WEAK = YES;
				CLANG_WARN_BLOCK_CAPTURE_AUTORELEASING = YES;
				CLANG_WARN_BOOL_CONVERSION = YES;
				CLANG_WARN_COMMA = YES;
				CLANG_WARN_CONSTANT_CONVERSION = YES;
				CLANG_WARN_DEPRECATED_OBJC_IMPLEMENTATIONS = YES;
				CLANG_WARN_DIRECT_OBJC_ISA_USAGE = YES_ERROR;
				CLANG_WARN_DOCUMENTATION_COMMENTS = YES;
				CLANG_WARN_EMPTY_BODY = YES;
				CLANG_WARN_ENUM_CONVERSION = YES;
				CLANG_WARN_INFINITE_RECURSION = YES;
				CLANG_WARN_INT_CONVERSION = YES;
				CLANG_WARN_NON_LITERAL_NULL_CONVERSION = YES;
				CLANG_WARN_OBJC_IMPLICIT_RETAIN_SELF = YES;
				CLANG_WARN_OBJC_LITERAL_CONVERSION = YES;
				CLANG_WARN_OBJC_ROOT_CLASS = YES_ERROR;
				CLANG_WARN_RANGE_LOOP_ANALYSIS = YES;
				CLANG_WARN_STRICT_PROTOTYPES = YES;
				CLANG_WARN_SUSPICIOUS_MOVE = YES;
				CLANG_WARN_UNGUARDED_AVAILABILITY = YES_AGGRESSIVE;
				CLANG_WARN_UNREACHABLE_CODE = YES;
				CLANG_WARN__DUPLICATE_METHOD_MATCH = YES;
				COPY_PHASE_STRIP = NO;
				DEBUG_INFORMATION_FORMAT = dwarf;
				ENABLE_STRICT_OBJC_MSGSEND = YES;
				ENABLE_TESTABILITY = YES;
				GCC_C_LANGUAGE_STANDARD = gnu11;
				GCC_DYNAMIC_NO_PIC = NO;
				GCC_NO_COMMON_BLOCKS = YES;
				GCC_OPTIMIZATION_LEVEL = 0;
				GCC_PREPROCESSOR_DEFINITIONS = (
					"DEBUG=1",
					"$(inherited)",
				);
				GCC_WARN_64_TO_32_BIT_CONVERSION = YES;
				GCC_WARN_ABOUT_RETURN_TYPE = YES_ERROR;
				GCC_WARN_UNDECLARED_SELECTOR = YES;
				GCC_WARN_UNINITIALIZED_AUTOS = YES_AGGRESSIVE;
				GCC_WARN_UNUSED_FUNCTION = YES;
				GCC_WARN_UNUSED_VARIABLE = YES;
				IPHONEOS_DEPLOYMENT_TARGET = 13.0;
				MTL_ENABLE_DEBUG_INFO = INCLUDE_SOURCE;
				MTL_FAST_MATH = YES;
				ONLY_ACTIVE_ARCH = YES;
				SDKROOT = iphoneos;
				SWIFT_ACTIVE_COMPILATION_CONDITIONS = DEBUG;
				SWIFT_OPTIMIZATION_LEVEL = "-Onone";
			};
			name = Debug;
		};
		4CCEA5DE245A0A1D00CB7396 /* Release */ = {
			isa = XCBuildConfiguration;
			buildSettings = {
				ALWAYS_SEARCH_USER_PATHS = NO;
				CLANG_ANALYZER_NONNULL = YES;
				CLANG_ANALYZER_NUMBER_OBJECT_CONVERSION = YES_AGGRESSIVE;
				CLANG_CXX_LANGUAGE_STANDARD = "gnu++14";
				CLANG_CXX_LIBRARY = "libc++";
				CLANG_ENABLE_MODULES = YES;
				CLANG_ENABLE_OBJC_ARC = YES;
				CLANG_ENABLE_OBJC_WEAK = YES;
				CLANG_WARN_BLOCK_CAPTURE_AUTORELEASING = YES;
				CLANG_WARN_BOOL_CONVERSION = YES;
				CLANG_WARN_COMMA = YES;
				CLANG_WARN_CONSTANT_CONVERSION = YES;
				CLANG_WARN_DEPRECATED_OBJC_IMPLEMENTATIONS = YES;
				CLANG_WARN_DIRECT_OBJC_ISA_USAGE = YES_ERROR;
				CLANG_WARN_DOCUMENTATION_COMMENTS = YES;
				CLANG_WARN_EMPTY_BODY = YES;
				CLANG_WARN_ENUM_CONVERSION = YES;
				CLANG_WARN_INFINITE_RECURSION = YES;
				CLANG_WARN_INT_CONVERSION = YES;
				CLANG_WARN_NON_LITERAL_NULL_CONVERSION = YES;
				CLANG_WARN_OBJC_IMPLICIT_RETAIN_SELF = YES;
				CLANG_WARN_OBJC_LITERAL_CONVERSION = YES;
				CLANG_WARN_OBJC_ROOT_CLASS = YES_ERROR;
				CLANG_WARN_RANGE_LOOP_ANALYSIS = YES;
				CLANG_WARN_STRICT_PROTOTYPES = YES;
				CLANG_WARN_SUSPICIOUS_MOVE = YES;
				CLANG_WARN_UNGUARDED_AVAILABILITY = YES_AGGRESSIVE;
				CLANG_WARN_UNREACHABLE_CODE = YES;
				CLANG_WARN__DUPLICATE_METHOD_MATCH = YES;
				COPY_PHASE_STRIP = NO;
				DEBUG_INFORMATION_FORMAT = "dwarf-with-dsym";
				ENABLE_NS_ASSERTIONS = NO;
				ENABLE_STRICT_OBJC_MSGSEND = YES;
				GCC_C_LANGUAGE_STANDARD = gnu11;
				GCC_NO_COMMON_BLOCKS = YES;
				GCC_WARN_64_TO_32_BIT_CONVERSION = YES;
				GCC_WARN_ABOUT_RETURN_TYPE = YES_ERROR;
				GCC_WARN_UNDECLARED_SELECTOR = YES;
				GCC_WARN_UNINITIALIZED_AUTOS = YES_AGGRESSIVE;
				GCC_WARN_UNUSED_FUNCTION = YES;
				GCC_WARN_UNUSED_VARIABLE = YES;
				IPHONEOS_DEPLOYMENT_TARGET = 13.0;
				MTL_ENABLE_DEBUG_INFO = NO;
				MTL_FAST_MATH = YES;
				SDKROOT = iphoneos;
				SWIFT_COMPILATION_MODE = wholemodule;
				SWIFT_OPTIMIZATION_LEVEL = "-O";
				VALIDATE_PRODUCT = YES;
			};
			name = Release;
		};
		4CCEA5E0245A0A1D00CB7396 /* Debug */ = {
			isa = XCBuildConfiguration;
			buildSettings = {
				ASSETCATALOG_COMPILER_APPICON_NAME = AppIcon;
				CLANG_ENABLE_MODULES = YES;
				CODE_SIGN_STYLE = Automatic;
				DEVELOPMENT_TEAM = 99WD9D6Y46;
				INFOPLIST_FILE = "Category-to-Swift/Info.plist";
				LD_RUNPATH_SEARCH_PATHS = (
					"$(inherited)",
					"@executable_path/Frameworks",
				);
				PRODUCT_BUNDLE_IDENTIFIER = "tech.CongLeSolutionX.Category-to-Swift";
				PRODUCT_NAME = "$(TARGET_NAME)";
				SWIFT_OBJC_BRIDGING_HEADER = "Category-to-Swift/Category-to-Swift-Bridging-Header.h";
				SWIFT_OPTIMIZATION_LEVEL = "-Onone";
				SWIFT_VERSION = 5.0;
				TARGETED_DEVICE_FAMILY = "1,2";
			};
			name = Debug;
		};
		4CCEA5E1245A0A1D00CB7396 /* Release */ = {
			isa = XCBuildConfiguration;
			buildSettings = {
				ASSETCATALOG_COMPILER_APPICON_NAME = AppIcon;
				CLANG_ENABLE_MODULES = YES;
				CODE_SIGN_STYLE = Automatic;
				DEVELOPMENT_TEAM = 99WD9D6Y46;
				INFOPLIST_FILE = "Category-to-Swift/Info.plist";
				LD_RUNPATH_SEARCH_PATHS = (
					"$(inherited)",
					"@executable_path/Frameworks",
				);
				PRODUCT_BUNDLE_IDENTIFIER = "tech.CongLeSolutionX.Category-to-Swift";
				PRODUCT_NAME = "$(TARGET_NAME)";
				SWIFT_OBJC_BRIDGING_HEADER = "Category-to-Swift/Category-to-Swift-Bridging-Header.h";
				SWIFT_VERSION = 5.0;
				TARGETED_DEVICE_FAMILY = "1,2";
			};
			name = Release;
		};
/* End XCBuildConfiguration section */

/* Begin XCConfigurationList section */
		4CCEA5C6245A0A1C00CB7396 /* Build configuration list for PBXProject "Category-to-Swift" */ = {
			isa = XCConfigurationList;
			buildConfigurations = (
				4CCEA5DD245A0A1D00CB7396 /* Debug */,
				4CCEA5DE245A0A1D00CB7396 /* Release */,
			);
			defaultConfigurationIsVisible = 0;
			defaultConfigurationName = Release;
		};
		4CCEA5DF245A0A1D00CB7396 /* Build configuration list for PBXNativeTarget "Category-to-Swift" */ = {
			isa = XCConfigurationList;
			buildConfigurations = (
				4CCEA5E0245A0A1D00CB7396 /* Debug */,
				4CCEA5E1245A0A1D00CB7396 /* Release */,
			);
			defaultConfigurationIsVisible = 0;
			defaultConfigurationName = Release;
		};
/* End XCConfigurationList section */
	};
	rootObject = 4CCEA5C3245A0A1C00CB7396 /* Project object */;
}
